
Microsoft Visual Studio Solution File, Format Version 12.00
Project("{FAE04EC0-301F-11D3-BF4B-00C04F79EFBC}") = "Sample.GraphQL", "Sample.GraphQL\Sample.GraphQL.csproj", "{3420772B-BB79-4218-88E2-4EAB366A7E8D}"
EndProject
Global
	GlobalSection(SolutionConfigurationPlatforms) = preSolution
		Debug|Any CPU = Debug|Any CPU
		Release|Any CPU = Release|Any CPU
	EndGlobalSection
	GlobalSection(ProjectConfigurationPlatforms) = postSolution
		{3420772B-BB79-4218-88E2-4EAB366A7E8D}.Debug|Any CPU.ActiveCfg = Debug|Any CPU
		{3420772B-BB79-4218-88E2-4EAB366A7E8D}.Debug|Any CPU.Build.0 = Debug|Any CPU
		{3420772B-BB79-4218-88E2-4EAB366A7E8D}.Release|Any CPU.ActiveCfg = Release|Any CPU
		{3420772B-BB79-4218-88E2-4EAB366A7E8D}.Release|Any CPU.Build.0 = Release|Any CPU
	EndGlobalSection
EndGlobal
